
Microsoft Visual Studio Solution File, Format Version 12.00
# Visual Studio Version 17
VisualStudioVersion = 17.1.32421.90
MinimumVisualStudioVersion = 10.0.40219.1
Project("{9A19103F-16F7-4668-BE54-9A1E7A4F7556}") = "SportsStore", "SportsStore\SportsStore.csproj", "{C8BE9D2D-DA4A-4D1C-A36E-0442C3DB6FBD}"
EndProject
Global
	GlobalSection(SolutionConfigurationPlatforms) = preSolution
		Debug|Any CPU = Debug|Any CPU
		Release|Any CPU = Release|Any CPU
	EndGlobalSection
	GlobalSection(ProjectConfigurationPlatforms) = postSolution
		{C8BE9D2D-DA4A-4D1C-A36E-0442C3DB6FBD}.Debug|Any CPU.ActiveCfg = Debug|Any CPU
		{C8BE9D2D-DA4A-4D1C-A36E-0442C3DB6FBD}.Debug|Any CPU.Build.0 = Debug|Any CPU
		{C8BE9D2D-DA4A-4D1C-A36E-0442C3DB6FBD}.Release|Any CPU.ActiveCfg = Release|Any CPU
		{C8BE9D2D-DA4A-4D1C-A36E-0442C3DB6FBD}.Release|Any CPU.Build.0 = Release|Any CPU
	EndGlobalSection
	GlobalSection(SolutionProperties) = preSolution
		HideSolutionNode = FALSE
	EndGlobalSection
	GlobalSection(ExtensibilityGlobals) = postSolution
		SolutionGuid = {95A50C7F-0D32-4A66-A1B6-E5ECB28FD5F0}
	EndGlobalSection
EndGlobal
